
Microsoft Visual Studio Solution File, Format Version 12.00
# Visual Studio Version 17
VisualStudioVersion = 17.14.36623.8 d17.14
MinimumVisualStudioVersion = 10.0.40219.1
Project("{FAE04EC0-301F-11D3-BF4B-00C04F79EFBC}") = "ResumeProject", "ResumeProject\ResumeProject.csproj", "{28E27D29-4B3E-4DA1-96D6-342A63E7D172}"
EndProject
Global
	GlobalSection(SolutionConfigurationPlatforms) = preSolution
		Debug|Any CPU = Debug|Any CPU
		Release|Any CPU = Release|Any CPU
	EndGlobalSection
	GlobalSection(ProjectConfigurationPlatforms) = postSolution
		{28E27D29-4B3E-4DA1-96D6-342A63E7D172}.Debug|Any CPU.ActiveCfg = Debug|Any CPU
		{28E27D29-4B3E-4DA1-96D6-342A63E7D172}.Debug|Any CPU.Build.0 = Debug|Any CPU
		{28E27D29-4B3E-4DA1-96D6-342A63E7D172}.Release|Any CPU.ActiveCfg = Release|Any CPU
		{28E27D29-4B3E-4DA1-96D6-342A63E7D172}.Release|Any CPU.Build.0 = Release|Any CPU
	EndGlobalSection
	GlobalSection(SolutionProperties) = preSolution
		HideSolutionNode = FALSE
	EndGlobalSection
	GlobalSection(ExtensibilityGlobals) = postSolution
		SolutionGuid = {01F62F86-0D0E-4FF8-8B75-06ADAC17E9B9}
	EndGlobalSection
EndGlobal
